<?xml version="1.0" encoding="utf-8"?>
<Project ToolsVersion="4.0" xmlns="http://schemas.microsoft.com/developer/msbuild/2003">
  <ItemGroup>
    <Filter Include="Source Files">
      <UniqueIdentifier>{4FC737F1-C7A5-4376-A066-2A32D752A2FF}</UniqueIdentifier>
      <Extensions>cpp;c;cc;cxx;c++;cppm;ixx;def;odl;idl;hpj;bat;asm;asmx</Extensions>
    </Filter>
    <Filter Include="Header Files">
      <UniqueIdentifier>{93995380-89BD-4b04-88EB-625FBE52EBFB}</UniqueIdentifier>
      <Extensions>h;hh;hpp;hxx;h++;hm;inl;inc;ipp;xsd</Extensions>
    </Filter>
    <Filter Include="Resource Files">
      <UniqueIdentifier>{67DA6AB6-F800-4c08-8B7A-83BB121AAD01}</UniqueIdentifier>
      <Extensions>rc;ico;cur;bmp;dlg;rc2;rct;bin;rgs;gif;jpg;jpeg;jpe;resx;tiff;tif;png;wav;mfcribbon-ms</Extensions>
    </Filter>
  </ItemGroup>
  <ItemGroup>
    <ClCompile Include="Cpp_Basic.cpp">
      <Filter>Source Files</Filter>
    </ClCompile>
    <ClCompile Include="Ch01_Variable.cpp">
      <Filter>Source Files</Filter>
    </ClCompile>
    <ClCompile Include="Ch02_Operation.cpp">
      <Filter>Source Files</Filter>
    </ClCompile>
    <ClCompile Include="Ch03_Statement.cpp">
      <Filter>Source Files</Filter>
    </ClCompile>
    <ClCompile Include="Ch04-1_Example.cpp">
      <Filter>Source Files</Filter>
    </ClCompile>
    <ClCompile Include="Ch04-2_Example.cpp">
      <Filter>Source Files</Filter>
    </ClCompile>
    <ClCompile Include="Ch05_Array.cpp">
      <Filter>Source Files</Filter>
    </ClCompile>
    <ClCompile Include="Ch05-1_Example.cpp">
      <Filter>Source Files</Filter>
    </ClCompile>
    <ClCompile Include="Ch05-2_Sort.cpp">
      <Filter>Source Files</Filter>
    </ClCompile>
    <ClCompile Include="Ch06_String.cpp">
      <Filter>Source Files</Filter>
    </ClCompile>
    <ClCompile Include="Ch06-1_Example.cpp">
      <Filter>Source Files</Filter>
    </ClCompile>
    <ClCompile Include="Ch07_Structure.cpp">
      <Filter>Source Files</Filter>
    </ClCompile>
    <ClCompile Include="Practice.cpp">
      <Filter>Source Files</Filter>
    </ClCompile>
    <ClCompile Include="random.cpp">
      <Filter>Source Files</Filter>
    </ClCompile>
    <ClCompile Include="roulette.cpp">
      <Filter>Source Files</Filter>
    </ClCompile>
    <ClCompile Include="Test.cpp">
      <Filter>Source Files</Filter>
    </ClCompile>
    <ClCompile Include="upndown.cpp">
      <Filter>Source Files</Filter>
    </ClCompile>
    <ClCompile Include="Ch08_Pointer.cpp">
      <Filter>Source Files</Filter>
    </ClCompile>
    <ClCompile Include="Ch09_Dynamic.cpp">
      <Filter>Source Files</Filter>
    </ClCompile>
    <ClCompile Include="MiniProject_02.cpp">
      <Filter>Source Files</Filter>
    </ClCompile>
    <ClCompile Include="Ch10_Class.cpp">
      <Filter>Source Files</Filter>
    </ClCompile>
    <ClCompile Include="Vehicle.cpp">
      <Filter>Source Files</Filter>
    </ClCompile>
    <ClCompile Include="Animal.cpp">
      <Filter>Source Files</Filter>
    </ClCompile>
    <ClCompile Include="Bike.cpp">
      <Filter>Source Files</Filter>
    </ClCompile>
    <ClCompile Include="Atv.cpp">
      <Filter>Source Files</Filter>
    </ClCompile>
    <ClCompile Include="Arithmatic.cpp">
      <Filter>Source Files</Filter>
    </ClCompile>
    <ClCompile Include="Auto.cpp">
      <Filter>Source Files</Filter>
    </ClCompile>
    <ClCompile Include="Ch11_ArrayClass.cpp">
      <Filter>Source Files</Filter>
    </ClCompile>
    <ClCompile Include="Ch12_StringClass.cpp">
      <Filter>Source Files</Filter>
    </ClCompile>
    <ClCompile Include="Ch13_Vector.cpp">
      <Filter>Source Files</Filter>
    </ClCompile>
  </ItemGroup>
  <ItemGroup>
    <ClInclude Include="io.h">
      <Filter>Header Files</Filter>
    </ClInclude>
    <ClInclude Include="Cpp_Basic.h">
      <Filter>Header Files</Filter>
    </ClInclude>
    <ClInclude Include="main.h">
      <Filter>Header Files</Filter>
    </ClInclude>
    <ClInclude Include="Ch10_Class.h">
      <Filter>Header Files</Filter>
    </ClInclude>
    <ClInclude Include="Vehicle.h">
      <Filter>Header Files</Filter>
    </ClInclude>
    <ClInclude Include="Animal.h">
      <Filter>Header Files</Filter>
    </ClInclude>
    <ClInclude Include="Bike.h">
      <Filter>Header Files</Filter>
    </ClInclude>
    <ClInclude Include="Atv.h">
      <Filter>Header Files</Filter>
    </ClInclude>
    <ClInclude Include="Arithmatic.h">
      <Filter>Header Files</Filter>
    </ClInclude>
    <ClInclude Include="Auto.h">
      <Filter>Header Files</Filter>
    </ClInclude>
  </ItemGroup>
  <ItemGroup>
    <Text Include="Guide.txt" />
  </ItemGroup>
  <ItemGroup>
    <None Include="Guide.md" />
    <None Include="Basic.md">
      <Filter>Resource Files</Filter>
    </None>
  </ItemGroup>
</Project>